
Microsoft Visual Studio Solution File, Format Version 12.00
# Visual Studio Version 16
VisualStudioVersion = 16.0.29326.143
MinimumVisualStudioVersion = 10.0.40219.1
Project("{9A19103F-16F7-4668-BE54-9A1E7A4F7556}") = "MvcBoilerPlate.AspNetCore", "MVCBoilerPlate.AspNetCore\MvcBoilerPlate.AspNetCore.csproj", "{0172E02D-FAFD-4D7E-A76D-16AD2FC549F3}"
EndProject
Global
	GlobalSection(SolutionConfigurationPlatforms) = preSolution
		Debug|Any CPU = Debug|Any CPU
		Release|Any CPU = Release|Any CPU
	EndGlobalSection
	GlobalSection(ProjectConfigurationPlatforms) = postSolution
		{0172E02D-FAFD-4D7E-A76D-16AD2FC549F3}.Debug|Any CPU.ActiveCfg = Debug|Any CPU
		{0172E02D-FAFD-4D7E-A76D-16AD2FC549F3}.Debug|Any CPU.Build.0 = Debug|Any CPU
		{0172E02D-FAFD-4D7E-A76D-16AD2FC549F3}.Release|Any CPU.ActiveCfg = Release|Any CPU
		{0172E02D-FAFD-4D7E-A76D-16AD2FC549F3}.Release|Any CPU.Build.0 = Release|Any CPU
	EndGlobalSection
	GlobalSection(SolutionProperties) = preSolution
		HideSolutionNode = FALSE
	EndGlobalSection
	GlobalSection(ExtensibilityGlobals) = postSolution
		SolutionGuid = {8829B32F-3426-4408-B749-BBD1606F0DB0}
	EndGlobalSection
EndGlobal
